
Microsoft Visual Studio Solution File, Format Version 12.00
# Visual Studio 2012
Project("{8BC9CEB8-8B4A-11D0-8D11-00A0C91BC942}") = "cpp_socket_test", "cpp_socket_test\cpp_socket_test.vcxproj", "{96549ECF-9DDE-43A0-A7A1-A5A2F7D966D0}"
EndProject
Global
	GlobalSection(SolutionConfigurationPlatforms) = preSolution
		Debug|Win32 = Debug|Win32
		Release|Win32 = Release|Win32
	EndGlobalSection
	GlobalSection(ProjectConfigurationPlatforms) = postSolution
		{96549ECF-9DDE-43A0-A7A1-A5A2F7D966D0}.Debug|Win32.ActiveCfg = Debug|Win32
		{96549ECF-9DDE-43A0-A7A1-A5A2F7D966D0}.Debug|Win32.Build.0 = Debug|Win32
		{96549ECF-9DDE-43A0-A7A1-A5A2F7D966D0}.Release|Win32.ActiveCfg = Release|Win32
		{96549ECF-9DDE-43A0-A7A1-A5A2F7D966D0}.Release|Win32.Build.0 = Release|Win32
	EndGlobalSection
	GlobalSection(SolutionProperties) = preSolution
		HideSolutionNode = FALSE
	EndGlobalSection
EndGlobal
